
Microsoft Visual Studio Solution File, Format Version 12.00
# Visual Studio Version 17
VisualStudioVersion = 17.4.33403.182
MinimumVisualStudioVersion = 10.0.40219.1
Project("{9A19103F-16F7-4668-BE54-9A1E7A4F7556}") = "CMS", "CMS\CMS.csproj", "{E9240158-E56A-45A8-AADE-A882AB5A66E3}"
EndProject
Project("{9A19103F-16F7-4668-BE54-9A1E7A4F7556}") = "CMS.Model", "CMS.Model\CMS.Model.csproj", "{17274A8D-A00E-45B6-89D6-3D27E781701A}"
EndProject
Project("{9A19103F-16F7-4668-BE54-9A1E7A4F7556}") = "CMS.Dal", "CMS.Dal\CMS.Dal.csproj", "{61FD1698-89C9-40F8-8E45-F268CEECCAE7}"
EndProject
Project("{2150E333-8FDC-42A3-9474-1A3956D46DE8}") = "Solution Items", "Solution Items", "{B7DBA203-29DC-4F7F-A411-6C49A0067073}"
	ProjectSection(SolutionItems) = preProject
		doc.txt = doc.txt
	EndProjectSection
EndProject
Global
	GlobalSection(SolutionConfigurationPlatforms) = preSolution
		Debug|Any CPU = Debug|Any CPU
		Release|Any CPU = Release|Any CPU
	EndGlobalSection
	GlobalSection(ProjectConfigurationPlatforms) = postSolution
		{E9240158-E56A-45A8-AADE-A882AB5A66E3}.Debug|Any CPU.ActiveCfg = Debug|Any CPU
		{E9240158-E56A-45A8-AADE-A882AB5A66E3}.Debug|Any CPU.Build.0 = Debug|Any CPU
		{E9240158-E56A-45A8-AADE-A882AB5A66E3}.Release|Any CPU.ActiveCfg = Release|Any CPU
		{E9240158-E56A-45A8-AADE-A882AB5A66E3}.Release|Any CPU.Build.0 = Release|Any CPU
		{17274A8D-A00E-45B6-89D6-3D27E781701A}.Debug|Any CPU.ActiveCfg = Debug|Any CPU
		{17274A8D-A00E-45B6-89D6-3D27E781701A}.Debug|Any CPU.Build.0 = Debug|Any CPU
		{17274A8D-A00E-45B6-89D6-3D27E781701A}.Release|Any CPU.ActiveCfg = Release|Any CPU
		{17274A8D-A00E-45B6-89D6-3D27E781701A}.Release|Any CPU.Build.0 = Release|Any CPU
		{61FD1698-89C9-40F8-8E45-F268CEECCAE7}.Debug|Any CPU.ActiveCfg = Debug|Any CPU
		{61FD1698-89C9-40F8-8E45-F268CEECCAE7}.Debug|Any CPU.Build.0 = Debug|Any CPU
		{61FD1698-89C9-40F8-8E45-F268CEECCAE7}.Release|Any CPU.ActiveCfg = Release|Any CPU
		{61FD1698-89C9-40F8-8E45-F268CEECCAE7}.Release|Any CPU.Build.0 = Release|Any CPU
	EndGlobalSection
	GlobalSection(SolutionProperties) = preSolution
		HideSolutionNode = FALSE
	EndGlobalSection
	GlobalSection(ExtensibilityGlobals) = postSolution
		SolutionGuid = {88218EF4-2FFC-4221-AEB0-3AB9F01E51D0}
	EndGlobalSection
EndGlobal
